
Microsoft Visual Studio Solution File, Format Version 12.00
# Visual Studio Version 16
VisualStudioVersion = 16.0.30523.141
MinimumVisualStudioVersion = 10.0.40219.1
Project("{FAE04EC0-301F-11D3-BF4B-00C04F79EFBC}") = "CSharpTest", "CSharpTest\CSharpTest.csproj", "{24183365-1AF6-48B6-A605-07D670439DED}"
EndProject
Global
	GlobalSection(SolutionConfigurationPlatforms) = preSolution
		Debug|Any CPU = Debug|Any CPU
		Release|Any CPU = Release|Any CPU
	EndGlobalSection
	GlobalSection(ProjectConfigurationPlatforms) = postSolution
		{24183365-1AF6-48B6-A605-07D670439DED}.Debug|Any CPU.ActiveCfg = Debug|Any CPU
		{24183365-1AF6-48B6-A605-07D670439DED}.Debug|Any CPU.Build.0 = Debug|Any CPU
		{24183365-1AF6-48B6-A605-07D670439DED}.Release|Any CPU.ActiveCfg = Release|Any CPU
		{24183365-1AF6-48B6-A605-07D670439DED}.Release|Any CPU.Build.0 = Release|Any CPU
	EndGlobalSection
	GlobalSection(SolutionProperties) = preSolution
		HideSolutionNode = FALSE
	EndGlobalSection
	GlobalSection(ExtensibilityGlobals) = postSolution
		SolutionGuid = {021DA4DA-DAD2-42CA-ADD6-8E384AE49CA0}
	EndGlobalSection
EndGlobal
